// !$*UTF8*$!
{
	archiveVersion = 1;
	classes = {
	};
	objectVersion = 46;
	objects = {

/* Begin PBXBuildFile section */
		77090DBC1E2829020023FD7B /* UserNotifications.framework in Frameworks */ = {isa = PBXBuildFile; fileRef = 77090DBB1E2829020023FD7B /* UserNotifications.framework */; };
		77090DBE1E2829020023FD7B /* UserNotificationsUI.framework in Frameworks */ = {isa = PBXBuildFile; fileRef = 77090DBD1E2829020023FD7B /* UserNotificationsUI.framework */; };
		77090DC11E2829020023FD7B /* NotificationViewController.swift in Sources */ = {isa = PBXBuildFile; fileRef = 77090DC01E2829020023FD7B /* NotificationViewController.swift */; };
		77090DC41E2829020023FD7B /* MainInterface.storyboard in Resources */ = {isa = PBXBuildFile; fileRef = 77090DC21E2829020023FD7B /* MainInterface.storyboard */; };
		77090DC81E2829020023FD7B /* AlphexNotificationContent.appex in Embed App Extensions */ = {isa = PBXBuildFile; fileRef = 77090DB91E2829020023FD7B /* AlphexNotificationContent.appex */; settings = {ATTRIBUTES = (RemoveHeadersOnCopy, ); }; };
		776147A41E21CBCD00413021 /* Text.png in Resources */ = {isa = PBXBuildFile; fileRef = 776147A31E21CBCD00413021 /* Text.png */; };
		776147A61E21CC8200413021 /* Trading@2x.png in Resources */ = {isa = PBXBuildFile; fileRef = 776147A51E21CC8200413021 /* Trading@2x.png */; };
		776147A81E21CCBF00413021 /* Profile@2x.png in Resources */ = {isa = PBXBuildFile; fileRef = 776147A71E21CCBF00413021 /* Profile@2x.png */; };
		776147AA1E21CD6400413021 /* Wallet@2x.png in Resources */ = {isa = PBXBuildFile; fileRef = 776147A91E21CD6400413021 /* Wallet@2x.png */; };
		7773F9211DBCC20300D4B5AA /* AppDelegate.swift in Sources */ = {isa = PBXBuildFile; fileRef = 7773F9201DBCC20300D4B5AA /* AppDelegate.swift */; };
		7773F9231DBCC20300D4B5AA /* FirstViewController.swift in Sources */ = {isa = PBXBuildFile; fileRef = 7773F9221DBCC20300D4B5AA /* FirstViewController.swift */; };
		7773F9251DBCC20300D4B5AA /* SecondViewController.swift in Sources */ = {isa = PBXBuildFile; fileRef = 7773F9241DBCC20300D4B5AA /* SecondViewController.swift */; };
		7773F9281DBCC20300D4B5AA /* Main.storyboard in Resources */ = {isa = PBXBuildFile; fileRef = 7773F9261DBCC20300D4B5AA /* Main.storyboard */; };
		7773F92A1DBCC20300D4B5AA /* Assets.xcassets in Resources */ = {isa = PBXBuildFile; fileRef = 7773F9291DBCC20300D4B5AA /* Assets.xcassets */; };
		7773F92D1DBCC20300D4B5AA /* LaunchScreen.storyboard in Resources */ = {isa = PBXBuildFile; fileRef = 7773F92B1DBCC20300D4B5AA /* LaunchScreen.storyboard */; };
/* End PBXBuildFile section */

/* Begin PBXContainerItemProxy section */
		77090DC61E2829020023FD7B /* PBXContainerItemProxy */ = {
			isa = PBXContainerItemProxy;
			containerPortal = 7773F9151DBCC20200D4B5AA /* Project object */;
			proxyType = 1;
			remoteGlobalIDString = 77090DB81E2829020023FD7B;
			remoteInfo = AlphexNotificationContent;
		};
/* End PBXContainerItemProxy section */

/* Begin PBXCopyFilesBuildPhase section */
		77090DCC1E2829020023FD7B /* Embed App Extensions */ = {
			isa = PBXCopyFilesBuildPhase;
			buildActionMask = 2147483647;
			dstPath = "";
			dstSubfolderSpec = 13;
			files = (
				77090DC81E2829020023FD7B /* AlphexNotificationContent.appex in Embed App Extensions */,
			);
			name = "Embed App Extensions";
			runOnlyForDeploymentPostprocessing = 0;
		};
/* End PBXCopyFilesBuildPhase section */

/* Begin PBXFileReference section */
		77090DB91E2829020023FD7B /* AlphexNotificationContent.appex */ = {isa = PBXFileReference; explicitFileType = "wrapper.app-extension"; includeInIndex = 0; path = AlphexNotificationContent.appex; sourceTree = BUILT_PRODUCTS_DIR; };
		77090DBB1E2829020023FD7B /* UserNotifications.framework */ = {isa = PBXFileReference; lastKnownFileType = wrapper.framework; name = UserNotifications.framework; path = System/Library/Frameworks/UserNotifications.framework; sourceTree = SDKROOT; };
		77090DBD1E2829020023FD7B /* UserNotificationsUI.framework */ = {isa = PBXFileReference; lastKnownFileType = wrapper.framework; name = UserNotificationsUI.framework; path = System/Library/Frameworks/UserNotificationsUI.framework; sourceTree = SDKROOT; };
		77090DC01E2829020023FD7B /* NotificationViewController.swift */ = {isa = PBXFileReference; lastKnownFileType = sourcecode.swift; path = NotificationViewController.swift; sourceTree = "<group>"; };
		77090DC31E2829020023FD7B /* Base */ = {isa = PBXFileReference; lastKnownFileType = file.storyboard; name = Base; path = Base.lproj/MainInterface.storyboard; sourceTree = "<group>"; };
		77090DC51E2829020023FD7B /* Info.plist */ = {isa = PBXFileReference; lastKnownFileType = text.plist.xml; path = Info.plist; sourceTree = "<group>"; };
		776147A31E21CBCD00413021 /* Text.png */ = {isa = PBXFileReference; lastKnownFileType = image.png; path = Text.png; sourceTree = "<group>"; };
		776147A51E21CC8200413021 /* Trading@2x.png */ = {isa = PBXFileReference; lastKnownFileType = image.png; path = "Trading@2x.png"; sourceTree = "<group>"; };
		776147A71E21CCBF00413021 /* Profile@2x.png */ = {isa = PBXFileReference; lastKnownFileType = image.png; path = "Profile@2x.png"; sourceTree = "<group>"; };
		776147A91E21CD6400413021 /* Wallet@2x.png */ = {isa = PBXFileReference; lastKnownFileType = image.png; path = "Wallet@2x.png"; sourceTree = "<group>"; };
		7773F91D1DBCC20300D4B5AA /* Alphex.app */ = {isa = PBXFileReference; explicitFileType = wrapper.application; includeInIndex = 0; path = Alphex.app; sourceTree = BUILT_PRODUCTS_DIR; };
		7773F9201DBCC20300D4B5AA /* AppDelegate.swift */ = {isa = PBXFileReference; lastKnownFileType = sourcecode.swift; path = AppDelegate.swift; sourceTree = "<group>"; };
		7773F9221DBCC20300D4B5AA /* FirstViewController.swift */ = {isa = PBXFileReference; lastKnownFileType = sourcecode.swift; path = FirstViewController.swift; sourceTree = "<group>"; };
		7773F9241DBCC20300D4B5AA /* SecondViewController.swift */ = {isa = PBXFileReference; lastKnownFileType = sourcecode.swift; path = SecondViewController.swift; sourceTree = "<group>"; };
		7773F9271DBCC20300D4B5AA /* Base */ = {isa = PBXFileReference; lastKnownFileType = file.storyboard; name = Base; path = Base.lproj/Main.storyboard; sourceTree = "<group>"; };
		7773F9291DBCC20300D4B5AA /* Assets.xcassets */ = {isa = PBXFileReference; lastKnownFileType = folder.assetcatalog; path = Assets.xcassets; sourceTree = "<group>"; };
		7773F92C1DBCC20300D4B5AA /* Base */ = {isa = PBXFileReference; lastKnownFileType = file.storyboard; name = Base; path = Base.lproj/LaunchScreen.storyboard; sourceTree = "<group>"; };
		7773F92E1DBCC20300D4B5AA /* Info.plist */ = {isa = PBXFileReference; lastKnownFileType = text.plist.xml; path = Info.plist; sourceTree = "<group>"; };
/* End PBXFileReference section */

/* Begin PBXFrameworksBuildPhase section */
		77090DB61E2829020023FD7B /* Frameworks */ = {
			isa = PBXFrameworksBuildPhase;
			buildActionMask = 2147483647;
			files = (
				77090DBE1E2829020023FD7B /* UserNotificationsUI.framework in Frameworks */,
				77090DBC1E2829020023FD7B /* UserNotifications.framework in Frameworks */,
			);
			runOnlyForDeploymentPostprocessing = 0;
		};
		7773F91A1DBCC20200D4B5AA /* Frameworks */ = {
			isa = PBXFrameworksBuildPhase;
			buildActionMask = 2147483647;
			files = (
			);
			runOnlyForDeploymentPostprocessing = 0;
		};
/* End PBXFrameworksBuildPhase section */

/* Begin PBXGroup section */
		77090DBA1E2829020023FD7B /* Frameworks */ = {
			isa = PBXGroup;
			children = (
				77090DBB1E2829020023FD7B /* UserNotifications.framework */,
				77090DBD1E2829020023FD7B /* UserNotificationsUI.framework */,
			);
			name = Frameworks;
			sourceTree = "<group>";
		};
		77090DBF1E2829020023FD7B /* AlphexNotificationContent */ = {
			isa = PBXGroup;
			children = (
				77090DC01E2829020023FD7B /* NotificationViewController.swift */,
				77090DC21E2829020023FD7B /* MainInterface.storyboard */,
				77090DC51E2829020023FD7B /* Info.plist */,
			);
			path = AlphexNotificationContent;
			sourceTree = "<group>";
		};
		7773F9141DBCC20200D4B5AA = {
			isa = PBXGroup;
			children = (
				7773F91F1DBCC20300D4B5AA /* Alphex */,
				77090DBF1E2829020023FD7B /* AlphexNotificationContent */,
				77090DBA1E2829020023FD7B /* Frameworks */,
				7773F91E1DBCC20300D4B5AA /* Products */,
			);
			sourceTree = "<group>";
		};
		7773F91E1DBCC20300D4B5AA /* Products */ = {
			isa = PBXGroup;
			children = (
				7773F91D1DBCC20300D4B5AA /* Alphex.app */,
				77090DB91E2829020023FD7B /* AlphexNotificationContent.appex */,
			);
			name = Products;
			sourceTree = "<group>";
		};
		7773F91F1DBCC20300D4B5AA /* Alphex */ = {
			isa = PBXGroup;
			children = (
				7773F9201DBCC20300D4B5AA /* AppDelegate.swift */,
				7773F9221DBCC20300D4B5AA /* FirstViewController.swift */,
				7773F9241DBCC20300D4B5AA /* SecondViewController.swift */,
				7773F9261DBCC20300D4B5AA /* Main.storyboard */,
				7773F9291DBCC20300D4B5AA /* Assets.xcassets */,
				7773F92B1DBCC20300D4B5AA /* LaunchScreen.storyboard */,
				7773F92E1DBCC20300D4B5AA /* Info.plist */,
				776147A31E21CBCD00413021 /* Text.png */,
				776147A51E21CC8200413021 /* Trading@2x.png */,
				776147A71E21CCBF00413021 /* Profile@2x.png */,
				776147A91E21CD6400413021 /* Wallet@2x.png */,
			);
			path = Alphex;
			sourceTree = "<group>";
		};
/* End PBXGroup section */

/* Begin PBXNativeTarget section */
		77090DB81E2829020023FD7B /* AlphexNotificationContent */ = {
			isa = PBXNativeTarget;
			buildConfigurationList = 77090DCB1E2829020023FD7B /* Build configuration list for PBXNativeTarget "AlphexNotificationContent" */;
			buildPhases = (
				77090DB51E2829020023FD7B /* Sources */,
				77090DB61E2829020023FD7B /* Frameworks */,
				77090DB71E2829020023FD7B /* Resources */,
			);
			buildRules = (
			);
			dependencies = (
			);
			name = AlphexNotificationContent;
			productName = AlphexNotificationContent;
			productReference = 77090DB91E2829020023FD7B /* AlphexNotificationContent.appex */;
			productType = "com.apple.product-type.app-extension";
		};
		7773F91C1DBCC20200D4B5AA /* Alphex */ = {
			isa = PBXNativeTarget;
			buildConfigurationList = 7773F9311DBCC20300D4B5AA /* Build configuration list for PBXNativeTarget "Alphex" */;
			buildPhases = (
				7773F9191DBCC20200D4B5AA /* Sources */,
				7773F91A1DBCC20200D4B5AA /* Frameworks */,
				7773F91B1DBCC20200D4B5AA /* Resources */,
				77090DCC1E2829020023FD7B /* Embed App Extensions */,
			);
			buildRules = (
			);
			dependencies = (
				77090DC71E2829020023FD7B /* PBXTargetDependency */,
			);
			name = Alphex;
			productName = Alphex;
			productReference = 7773F91D1DBCC20300D4B5AA /* Alphex.app */;
			productType = "com.apple.product-type.application";
		};
/* End PBXNativeTarget section */

/* Begin PBXProject section */
		7773F9151DBCC20200D4B5AA /* Project object */ = {
			isa = PBXProject;
			attributes = {
				LastSwiftUpdateCheck = 0820;
				LastUpgradeCheck = 0820;
				ORGANIZATIONNAME = "Charles Fries";
				TargetAttributes = {
					77090DB81E2829020023FD7B = {
						CreatedOnToolsVersion = 8.2;
						DevelopmentTeam = 48386QZ38R;
						ProvisioningStyle = Automatic;
					};
					7773F91C1DBCC20200D4B5AA = {
						CreatedOnToolsVersion = 8.1;
						DevelopmentTeam = 48386QZ38R;
						ProvisioningStyle = Automatic;
					};
				};
			};
			buildConfigurationList = 7773F9181DBCC20200D4B5AA /* Build configuration list for PBXProject "Alphex" */;
			compatibilityVersion = "Xcode 3.2";
			developmentRegion = English;
			hasScannedForEncodings = 0;
			knownRegions = (
				en,
				Base,
			);
			mainGroup = 7773F9141DBCC20200D4B5AA;
			productRefGroup = 7773F91E1DBCC20300D4B5AA /* Products */;
			projectDirPath = "";
			projectRoot = "";
			targets = (
				7773F91C1DBCC20200D4B5AA /* Alphex */,
				77090DB81E2829020023FD7B /* AlphexNotificationContent */,
			);
		};
/* End PBXProject section */

/* Begin PBXResourcesBuildPhase section */
		77090DB71E2829020023FD7B /* Resources */ = {
			isa = PBXResourcesBuildPhase;
			buildActionMask = 2147483647;
			files = (
				77090DC41E2829020023FD7B /* MainInterface.storyboard in Resources */,
			);
			runOnlyForDeploymentPostprocessing = 0;
		};
		7773F91B1DBCC20200D4B5AA /* Resources */ = {
			isa = PBXResourcesBuildPhase;
			buildActionMask = 2147483647;
			files = (
				776147A41E21CBCD00413021 /* Text.png in Resources */,
				776147AA1E21CD6400413021 /* Wallet@2x.png in Resources */,
				7773F92D1DBCC20300D4B5AA /* LaunchScreen.storyboard in Resources */,
				776147A61E21CC8200413021 /* Trading@2x.png in Resources */,
				776147A81E21CCBF00413021 /* Profile@2x.png in Resources */,
				7773F92A1DBCC20300D4B5AA /* Assets.xcassets in Resources */,
				7773F9281DBCC20300D4B5AA /* Main.storyboard in Resources */,
			);
			runOnlyForDeploymentPostprocessing = 0;
		};
/* End PBXResourcesBuildPhase section */

/* Begin PBXSourcesBuildPhase section */
		77090DB51E2829020023FD7B /* Sources */ = {
			isa = PBXSourcesBuildPhase;
			buildActionMask = 2147483647;
			files = (
				77090DC11E2829020023FD7B /* NotificationViewController.swift in Sources */,
			);
			runOnlyForDeploymentPostprocessing = 0;
		};
		7773F9191DBCC20200D4B5AA /* Sources */ = {
			isa = PBXSourcesBuildPhase;
			buildActionMask = 2147483647;
			files = (
				7773F9251DBCC20300D4B5AA /* SecondViewController.swift in Sources */,
				7773F9211DBCC20300D4B5AA /* AppDelegate.swift in Sources */,
				7773F9231DBCC20300D4B5AA /* FirstViewController.swift in Sources */,
			);
			runOnlyForDeploymentPostprocessing = 0;
		};
/* End PBXSourcesBuildPhase section */

/* Begin PBXTargetDependency section */
		77090DC71E2829020023FD7B /* PBXTargetDependency */ = {
			isa = PBXTargetDependency;
			target = 77090DB81E2829020023FD7B /* AlphexNotificationContent */;
			targetProxy = 77090DC61E2829020023FD7B /* PBXContainerItemProxy */;
		};
/* End PBXTargetDependency section */

/* Begin PBXVariantGroup section */
		77090DC21E2829020023FD7B /* MainInterface.storyboard */ = {
			isa = PBXVariantGroup;
			children = (
				77090DC31E2829020023FD7B /* Base */,
			);
			name = MainInterface.storyboard;
			sourceTree = "<group>";
		};
		7773F9261DBCC20300D4B5AA /* Main.storyboard */ = {
			isa = PBXVariantGroup;
			children = (
				7773F9271DBCC20300D4B5AA /* Base */,
			);
			name = Main.storyboard;
			sourceTree = "<group>";
		};
		7773F92B1DBCC20300D4B5AA /* LaunchScreen.storyboard */ = {
			isa = PBXVariantGroup;
			children = (
				7773F92C1DBCC20300D4B5AA /* Base */,
			);
			name = LaunchScreen.storyboard;
			sourceTree = "<group>";
		};
/* End PBXVariantGroup section */

/* Begin XCBuildConfiguration section */
		77090DC91E2829020023FD7B /* Debug */ = {
			isa = XCBuildConfiguration;
			buildSettings = {
				DEVELOPMENT_TEAM = 48386QZ38R;
				INFOPLIST_FILE = AlphexNotificationContent/Info.plist;
				IPHONEOS_DEPLOYMENT_TARGET = 10.2;
				LD_RUNPATH_SEARCH_PATHS = "$(inherited) @executable_path/Frameworks @executable_path/../../Frameworks";
				PRODUCT_BUNDLE_IDENTIFIER = co.alphex.Alphex.AlphexNotificationContent;
				PRODUCT_NAME = "$(TARGET_NAME)";
				SKIP_INSTALL = YES;
				SWIFT_VERSION = 3.0;
			};
			name = Debug;
		};
		77090DCA1E2829020023FD7B /* Release */ = {
			isa = XCBuildConfiguration;
			buildSettings = {
				DEVELOPMENT_TEAM = 48386QZ38R;
				INFOPLIST_FILE = AlphexNotificationContent/Info.plist;
				IPHONEOS_DEPLOYMENT_TARGET = 10.2;
				LD_RUNPATH_SEARCH_PATHS = "$(inherited) @executable_path/Frameworks @executable_path/../../Frameworks";
				PRODUCT_BUNDLE_IDENTIFIER = co.alphex.Alphex.AlphexNotificationContent;
				PRODUCT_NAME = "$(TARGET_NAME)";
				SKIP_INSTALL = YES;
				SWIFT_VERSION = 3.0;
			};
			name = Release;
		};
		7773F92F1DBCC20300D4B5AA /* Debug */ = {
			isa = XCBuildConfiguration;
			buildSettings = {
				ALWAYS_SEARCH_USER_PATHS = NO;
				CLANG_ANALYZER_NONNULL = YES;
				CLANG_CXX_LANGUAGE_STANDARD = "gnu++0x";
				CLANG_CXX_LIBRARY = "libc++";
				CLANG_ENABLE_MODULES = YES;
				CLANG_ENABLE_OBJC_ARC = YES;
				CLANG_WARN_BOOL_CONVERSION = YES;
				CLANG_WARN_CONSTANT_CONVERSION = YES;
				CLANG_WARN_DIRECT_OBJC_ISA_USAGE = YES_ERROR;
				CLANG_WARN_DOCUMENTATION_COMMENTS = YES;
				CLANG_WARN_EMPTY_BODY = YES;
				CLANG_WARN_ENUM_CONVERSION = YES;
				CLANG_WARN_INFINITE_RECURSION = YES;
				CLANG_WARN_INT_CONVERSION = YES;
				CLANG_WARN_OBJC_ROOT_CLASS = YES_ERROR;
				CLANG_WARN_SUSPICIOUS_MOVE = YES;
				CLANG_WARN_SUSPICIOUS_MOVES = YES;
				CLANG_WARN_UNREACHABLE_CODE = YES;
				CLANG_WARN__DUPLICATE_METHOD_MATCH = YES;
				"CODE_SIGN_IDENTITY[sdk=iphoneos*]" = "iPhone Developer";
				COPY_PHASE_STRIP = NO;
				DEBUG_INFORMATION_FORMAT = dwarf;
				ENABLE_STRICT_OBJC_MSGSEND = YES;
				ENABLE_TESTABILITY = YES;
				GCC_C_LANGUAGE_STANDARD = gnu99;
				GCC_DYNAMIC_NO_PIC = NO;
				GCC_NO_COMMON_BLOCKS = YES;
				GCC_OPTIMIZATION_LEVEL = 0;
				GCC_PREPROCESSOR_DEFINITIONS = (
					"DEBUG=1",
					"$(inherited)",
				);
				GCC_WARN_64_TO_32_BIT_CONVERSION = YES;
				GCC_WARN_ABOUT_RETURN_TYPE = YES_ERROR;
				GCC_WARN_UNDECLARED_SELECTOR = YES;
				GCC_WARN_UNINITIALIZED_AUTOS = YES_AGGRESSIVE;
				GCC_WARN_UNUSED_FUNCTION = YES;
				GCC_WARN_UNUSED_VARIABLE = YES;
				IPHONEOS_DEPLOYMENT_TARGET = 10.1;
				MTL_ENABLE_DEBUG_INFO = YES;
				ONLY_ACTIVE_ARCH = YES;
				SDKROOT = iphoneos;
				SWIFT_ACTIVE_COMPILATION_CONDITIONS = DEBUG;
				SWIFT_OPTIMIZATION_LEVEL = "-Onone";
			};
			name = Debug;
		};
		7773F9301DBCC20300D4B5AA /* Release */ = {
			isa = XCBuildConfiguration;
			buildSettings = {
				ALWAYS_SEARCH_USER_PATHS = NO;
				CLANG_ANALYZER_NONNULL = YES;
				CLANG_CXX_LANGUAGE_STANDARD = "gnu++0x";
				CLANG_CXX_LIBRARY = "libc++";
				CLANG_ENABLE_MODULES = YES;
				CLANG_ENABLE_OBJC_ARC = YES;
				CLANG_WARN_BOOL_CONVERSION = YES;
				CLANG_WARN_CONSTANT_CONVERSION = YES;
				CLANG_WARN_DIRECT_OBJC_ISA_USAGE = YES_ERROR;
				CLANG_WARN_DOCUMENTATION_COMMENTS = YES;
				CLANG_WARN_EMPTY_BODY = YES;
				CLANG_WARN_ENUM_CONVERSION = YES;
				CLANG_WARN_INFINITE_RECURSION = YES;
				CLANG_WARN_INT_CONVERSION = YES;
				CLANG_WARN_OBJC_ROOT_CLASS = YES_ERROR;
				CLANG_WARN_SUSPICIOUS_MOVE = YES;
				CLANG_WARN_SUSPICIOUS_MOVES = YES;
				CLANG_WARN_UNREACHABLE_CODE = YES;
				CLANG_WARN__DUPLICATE_METHOD_MATCH = YES;
				"CODE_SIGN_IDENTITY[sdk=iphoneos*]" = "iPhone Developer";
				COPY_PHASE_STRIP = NO;
				DEBUG_INFORMATION_FORMAT = "dwarf-with-dsym";
				ENABLE_NS_ASSERTIONS = NO;
				ENABLE_STRICT_OBJC_MSGSEND = YES;
				GCC_C_LANGUAGE_STANDARD = gnu99;
				GCC_NO_COMMON_BLOCKS = YES;
				GCC_WARN_64_TO_32_BIT_CONVERSION = YES;
				GCC_WARN_ABOUT_RETURN_TYPE = YES_ERROR;
				GCC_WARN_UNDECLARED_SELECTOR = YES;
				GCC_WARN_UNINITIALIZED_AUTOS = YES_AGGRESSIVE;
				GCC_WARN_UNUSED_FUNCTION = YES;
				GCC_WARN_UNUSED_VARIABLE = YES;
				IPHONEOS_DEPLOYMENT_TARGET = 10.1;
				MTL_ENABLE_DEBUG_INFO = NO;
				SDKROOT = iphoneos;
				SWIFT_OPTIMIZATION_LEVEL = "-Owholemodule";
				VALIDATE_PRODUCT = YES;
			};
			name = Release;
		};
		7773F9321DBCC20300D4B5AA /* Debug */ = {
			isa = XCBuildConfiguration;
			buildSettings = {
				ALWAYS_EMBED_SWIFT_STANDARD_LIBRARIES = YES;
				ASSETCATALOG_COMPILER_APPICON_NAME = AppIcon;
				DEVELOPMENT_TEAM = 48386QZ38R;
				INFOPLIST_FILE = Alphex/Info.plist;
				LD_RUNPATH_SEARCH_PATHS = "$(inherited) @executable_path/Frameworks";
				PRODUCT_BUNDLE_IDENTIFIER = co.alphex.Alphex;
				PRODUCT_NAME = "$(TARGET_NAME)";
				SWIFT_VERSION = 3.0;
			};
			name = Debug;
		};
		7773F9331DBCC20300D4B5AA /* Release */ = {
			isa = XCBuildConfiguration;
			buildSettings = {
				ALWAYS_EMBED_SWIFT_STANDARD_LIBRARIES = YES;
				ASSETCATALOG_COMPILER_APPICON_NAME = AppIcon;
				DEVELOPMENT_TEAM = 48386QZ38R;
				INFOPLIST_FILE = Alphex/Info.plist;
				LD_RUNPATH_SEARCH_PATHS = "$(inherited) @executable_path/Frameworks";
				PRODUCT_BUNDLE_IDENTIFIER = co.alphex.Alphex;
				PRODUCT_NAME = "$(TARGET_NAME)";
				SWIFT_VERSION = 3.0;
			};
			name = Release;
		};
/* End XCBuildConfiguration section */

/* Begin XCConfigurationList section */
		77090DCB1E2829020023FD7B /* Build configuration list for PBXNativeTarget "AlphexNotificationContent" */ = {
			isa = XCConfigurationList;
			buildConfigurations = (
				77090DC91E2829020023FD7B /* Debug */,
				77090DCA1E2829020023FD7B /* Release */,
			);
			defaultConfigurationIsVisible = 0;
		};
		7773F9181DBCC20200D4B5AA /* Build configuration list for PBXProject "Alphex" */ = {
			isa = XCConfigurationList;
			buildConfigurations = (
				7773F92F1DBCC20300D4B5AA /* Debug */,
				7773F9301DBCC20300D4B5AA /* Release */,
			);
			defaultConfigurationIsVisible = 0;
			defaultConfigurationName = Release;
		};
		7773F9311DBCC20300D4B5AA /* Build configuration list for PBXNativeTarget "Alphex" */ = {
			isa = XCConfigurationList;
			buildConfigurations = (
				7773F9321DBCC20300D4B5AA /* Debug */,
				7773F9331DBCC20300D4B5AA /* Release */,
			);
			defaultConfigurationIsVisible = 0;
			defaultConfigurationName = Release;
		};
/* End XCConfigurationList section */
	};
	rootObject = 7773F9151DBCC20200D4B5AA /* Project object */;
}
